
Microsoft Visual Studio Solution File, Format Version 12.00
# Visual Studio 15
Project("{FAE04EC0-301F-11D3-BF4B-00C04F79EFBC}") = "Assembly-CSharp", "Assembly-CSharp.csproj", "{FE539EB2-C9C2-591C-DD76-FCF35F82732D}"
EndProject
Global
	GlobalSection(SolutionConfigurationPlatforms) = preSolution
		Debug|Any CPU = Debug|Any CPU
		Release|Any CPU = Release|Any CPU
	EndGlobalSection
	GlobalSection(ProjectConfigurationPlatforms) = postSolution
		{FE539EB2-C9C2-591C-DD76-FCF35F82732D}.Debug|Any CPU.ActiveCfg = Debug|Any CPU
		{FE539EB2-C9C2-591C-DD76-FCF35F82732D}.Debug|Any CPU.Build.0 = Debug|Any CPU
		{FE539EB2-C9C2-591C-DD76-FCF35F82732D}.Release|Any CPU.ActiveCfg = Release|Any CPU
		{FE539EB2-C9C2-591C-DD76-FCF35F82732D}.Release|Any CPU.Build.0 = Release|Any CPU
	EndGlobalSection
	GlobalSection(SolutionProperties) = preSolution
		HideSolutionNode = FALSE
	EndGlobalSection
EndGlobal
